// !$*UTF8*$!
{
	archiveVersion = 1;
	classes = {
	};
	objectVersion = 52;
	objects = {

/* Begin PBXBuildFile section */
		3D00C8B5266E3999006236A0 /* MateListViewController.swift in Sources */ = {isa = PBXBuildFile; fileRef = 3D00C8B4266E3999006236A0 /* MateListViewController.swift */; };
		3D00C8BA266E39E8006236A0 /* Mate.storyboard in Resources */ = {isa = PBXBuildFile; fileRef = 3D00C8B9266E39E8006236A0 /* Mate.storyboard */; };
		3D015AFF265812B6003EC5E6 /* TermsOfServices.swift in Sources */ = {isa = PBXBuildFile; fileRef = 3D015AFE265812B6003EC5E6 /* TermsOfServices.swift */; };
		3D015B0226590F0D003EC5E6 /* DepartmentViewController.swift in Sources */ = {isa = PBXBuildFile; fileRef = 3D015B0126590F0D003EC5E6 /* DepartmentViewController.swift */; };
		3D231A68266E44BA00080E9B /* Mate.swift in Sources */ = {isa = PBXBuildFile; fileRef = 3D231A67266E44BA00080E9B /* Mate.swift */; };
		3D231A6A266E629D00080E9B /* MateCell.swift in Sources */ = {isa = PBXBuildFile; fileRef = 3D231A69266E629D00080E9B /* MateCell.swift */; };
		3D2FBC062675FE6B00D2FF56 /* PublicViewController.swift in Sources */ = {isa = PBXBuildFile; fileRef = 3D2FBC052675FE6B00D2FF56 /* PublicViewController.swift */; };
		3D2FBC092675FEDD00D2FF56 /* Public.swift in Sources */ = {isa = PBXBuildFile; fileRef = 3D2FBC082675FEDD00D2FF56 /* Public.swift */; };
		3D2FBC0B26760BFA00D2FF56 /* Date.swift in Sources */ = {isa = PBXBuildFile; fileRef = 3D2FBC0A26760BFA00D2FF56 /* Date.swift */; };
		3D40E52E2658086800B19E32 /* TermsOfServices.storyboard in Resources */ = {isa = PBXBuildFile; fileRef = 3D40E52D2658086800B19E32 /* TermsOfServices.storyboard */; };
		3D40E5302658089600B19E32 /* TermsOfServicesViewController.swift in Sources */ = {isa = PBXBuildFile; fileRef = 3D40E52F2658089600B19E32 /* TermsOfServicesViewController.swift */; };
		3D520BAB265340E40090B6E8 /* Home.storyboard in Resources */ = {isa = PBXBuildFile; fileRef = 3D520BAA265340E40090B6E8 /* Home.storyboard */; };
		3D5D5989265247F40018FE63 /* AppDelegate.swift in Sources */ = {isa = PBXBuildFile; fileRef = 3D5D5988265247F40018FE63 /* AppDelegate.swift */; };
		3D5D598B265247F40018FE63 /* SceneDelegate.swift in Sources */ = {isa = PBXBuildFile; fileRef = 3D5D598A265247F40018FE63 /* SceneDelegate.swift */; };
		3D5D5995265247F50018FE63 /* LaunchScreen.storyboard in Resources */ = {isa = PBXBuildFile; fileRef = 3D5D5993265247F50018FE63 /* LaunchScreen.storyboard */; };
		3D5D599E265249310018FE63 /* HomeViewController.swift in Sources */ = {isa = PBXBuildFile; fileRef = 3D5D599D265249310018FE63 /* HomeViewController.swift */; };
		3D5D59A82652AF390018FE63 /* FirstViewController.swift in Sources */ = {isa = PBXBuildFile; fileRef = 3D5D59A72652AF390018FE63 /* FirstViewController.swift */; };
		3D5D59AA2652B11C0018FE63 /* RegisterViewController.swift in Sources */ = {isa = PBXBuildFile; fileRef = 3D5D59A92652B11C0018FE63 /* RegisterViewController.swift */; };
		3D5D59AC2652B12A0018FE63 /* LoginViewController.swift in Sources */ = {isa = PBXBuildFile; fileRef = 3D5D59AB2652B12A0018FE63 /* LoginViewController.swift */; };
		3D5D59AE2652B2930018FE63 /* Register.storyboard in Resources */ = {isa = PBXBuildFile; fileRef = 3D5D59AD2652B2930018FE63 /* Register.storyboard */; };
		3D5D59B02652B29B0018FE63 /* Login.storyboard in Resources */ = {isa = PBXBuildFile; fileRef = 3D5D59AF2652B29B0018FE63 /* Login.storyboard */; };
		3D816C61266B92D700A5164B /* AppTabbarController.swift in Sources */ = {isa = PBXBuildFile; fileRef = 3D816C60266B92D700A5164B /* AppTabbarController.swift */; };
		3D85550B2660083D00147EE7 /* MemberViewController.swift in Sources */ = {isa = PBXBuildFile; fileRef = 3D85550A2660083D00147EE7 /* MemberViewController.swift */; };
		3D85550D2660084A00147EE7 /* AccountViewController.swift in Sources */ = {isa = PBXBuildFile; fileRef = 3D85550C2660084A00147EE7 /* AccountViewController.swift */; };
		3DA98CCD26530C30005175B5 /* User.swift in Sources */ = {isa = PBXBuildFile; fileRef = 3DA98CCC26530C30005175B5 /* User.swift */; };
		3DAFCBA026625DF6008E9803 /* Normalization.swift in Sources */ = {isa = PBXBuildFile; fileRef = 3DAFCB9F26625DF6008E9803 /* Normalization.swift */; };
		3DAFCBA226626176008E9803 /* UIView.swift in Sources */ = {isa = PBXBuildFile; fileRef = 3DAFCBA126626176008E9803 /* UIView.swift */; };
		3DAFCBA4266261E6008E9803 /* UITextField.swift in Sources */ = {isa = PBXBuildFile; fileRef = 3DAFCBA3266261E6008E9803 /* UITextField.swift */; };
		3DAFCBA626627256008E9803 /* CompletedRegisterViewController.swift in Sources */ = {isa = PBXBuildFile; fileRef = 3DAFCBA526627256008E9803 /* CompletedRegisterViewController.swift */; };
		3DB686FA268D8C570061BCB0 /* LoginUser.swift in Sources */ = {isa = PBXBuildFile; fileRef = 3DB686F9268D8C570061BCB0 /* LoginUser.swift */; };
		3DC069AA2697D5A600A4A6CB /* EnterUsageTimeViewController.swift in Sources */ = {isa = PBXBuildFile; fileRef = 3DC069A92697D5A600A4A6CB /* EnterUsageTimeViewController.swift */; };
		3DD893D4266E1A6E0050B4F8 /* NoticeViewController.swift in Sources */ = {isa = PBXBuildFile; fileRef = 3DD893D3266E1A6E0050B4F8 /* NoticeViewController.swift */; };
		3DD893D6266E1A9C0050B4F8 /* MateViewController.swift in Sources */ = {isa = PBXBuildFile; fileRef = 3DD893D5266E1A9C0050B4F8 /* MateViewController.swift */; };
		3DE755E9265975CE001FE813 /* Department.swift in Sources */ = {isa = PBXBuildFile; fileRef = 3DE755E8265975CE001FE813 /* Department.swift */; };
		3DF5B4CA267A1396004F1E03 /* ReservationViewController.swift in Sources */ = {isa = PBXBuildFile; fileRef = 3DF5B4C9267A1396004F1E03 /* ReservationViewController.swift */; };
		3DF5B4CC267A13C8004F1E03 /* ImmediationViewController.swift in Sources */ = {isa = PBXBuildFile; fileRef = 3DF5B4CB267A13C8004F1E03 /* ImmediationViewController.swift */; };
		3DF5B4CE267A19BD004F1E03 /* Public.storyboard in Resources */ = {isa = PBXBuildFile; fileRef = 3DF5B4CD267A19BD004F1E03 /* Public.storyboard */; };
		76035DFD277C448200090B17 /* free.storyboard in Resources */ = {isa = PBXBuildFile; fileRef = 76035DF8277C448200090B17 /* free.storyboard */; };
		76035DFE277C448200090B17 /* freeListViewController.swift in Sources */ = {isa = PBXBuildFile; fileRef = 76035DF9277C448200090B17 /* freeListViewController.swift */; };
		76035DFF277C448200090B17 /* freeListCellViewModel.swift in Sources */ = {isa = PBXBuildFile; fileRef = 76035DFA277C448200090B17 /* freeListCellViewModel.swift */; };
		76035E00277C448200090B17 /* freeDetailViewController.swift in Sources */ = {isa = PBXBuildFile; fileRef = 76035DFB277C448200090B17 /* freeDetailViewController.swift */; };
		76035E01277C448200090B17 /* free.swift in Sources */ = {isa = PBXBuildFile; fileRef = 76035DFC277C448200090B17 /* free.swift */; };
		76035E03277C475000090B17 /* freeNetwork.swift in Sources */ = {isa = PBXBuildFile; fileRef = 76035E02277C475000090B17 /* freeNetwork.swift */; };
		A70D39062704BD0C00B09041 /* Reserve.storyboard in Resources */ = {isa = PBXBuildFile; fileRef = A70D39052704BD0C00B09041 /* Reserve.storyboard */; };
		A70D39082704BD1A00B09041 /* ReserveViewController.swift in Sources */ = {isa = PBXBuildFile; fileRef = A70D39072704BD1A00B09041 /* ReserveViewController.swift */; };
		A71600A7274638E300FC3C64 /* ImmediationViewModel.swift in Sources */ = {isa = PBXBuildFile; fileRef = A71600A6274638E300FC3C64 /* ImmediationViewModel.swift */; };
		A71600A92746393700FC3C64 /* Immediation.swift in Sources */ = {isa = PBXBuildFile; fileRef = A71600A82746393700FC3C64 /* Immediation.swift */; };
		A71E07BA26EE6021007DB8D0 /* UIImageView.swift in Sources */ = {isa = PBXBuildFile; fileRef = A71E07B926EE6021007DB8D0 /* UIImageView.swift */; };
		A73AE4BB26F1B7D000FA1F06 /* RequestCheckInViewController.swift in Sources */ = {isa = PBXBuildFile; fileRef = A73AE4BA26F1B7D000FA1F06 /* RequestCheckInViewController.swift */; };
		A73AE4BD26F1B82200FA1F06 /* RequestCheckOutViewController.swift in Sources */ = {isa = PBXBuildFile; fileRef = A73AE4BC26F1B82200FA1F06 /* RequestCheckOutViewController.swift */; };
		A73AE4BF26F1B8A300FA1F06 /* CheckOutRequestDetailViewController.swift in Sources */ = {isa = PBXBuildFile; fileRef = A73AE4BE26F1B8A300FA1F06 /* CheckOutRequestDetailViewController.swift */; };
		A73AE4C726F1CA0300FA1F06 /* CheckOutCompletedPopUp.storyboard in Resources */ = {isa = PBXBuildFile; fileRef = A73AE4C626F1CA0300FA1F06 /* CheckOutCompletedPopUp.storyboard */; };
		A73AE4C926F1CA0E00FA1F06 /* CheckOutCompletedPopUpViewController.swift in Sources */ = {isa = PBXBuildFile; fileRef = A73AE4C826F1CA0E00FA1F06 /* CheckOutCompletedPopUpViewController.swift */; };
		A745D04727269D3900844189 /* Notice.storyboard in Resources */ = {isa = PBXBuildFile; fileRef = A745D04627269D3900844189 /* Notice.storyboard */; };
		A745D04927269E7D00844189 /* NoticeListViewController.swift in Sources */ = {isa = PBXBuildFile; fileRef = A745D04827269E7D00844189 /* NoticeListViewController.swift */; };
		A746F0002705519800B0C099 /* ReserveContainerViewController.swift in Sources */ = {isa = PBXBuildFile; fileRef = A746EFFF2705519800B0C099 /* ReserveContainerViewController.swift */; };
		A74CBE8F273949380073D2F5 /* GoogleService-Info.plist in Resources */ = {isa = PBXBuildFile; fileRef = A74CBE8E273949380073D2F5 /* GoogleService-Info.plist */; };
		A753C035277C3F1700039D5F /* EmergencyController.swift in Sources */ = {isa = PBXBuildFile; fileRef = A753C027277C3F1700039D5F /* EmergencyController.swift */; };
		A753C036277C3F1700039D5F /* withViewController.swift in Sources */ = {isa = PBXBuildFile; fileRef = A753C028277C3F1700039D5F /* withViewController.swift */; };
		A753C037277C3F1700039D5F /* freeWriteViewController.swift in Sources */ = {isa = PBXBuildFile; fileRef = A753C029277C3F1700039D5F /* freeWriteViewController.swift */; };
		A753C038277C3F1700039D5F /* CommunityViewController.swift in Sources */ = {isa = PBXBuildFile; fileRef = A753C02A277C3F1700039D5F /* CommunityViewController.swift */; };
		A753C039277C3F1700039D5F /* addBoardViewController.swift in Sources */ = {isa = PBXBuildFile; fileRef = A753C02B277C3F1700039D5F /* addBoardViewController.swift */; };
		A753C03A277C3F1700039D5F /* emergency_detail.swift in Sources */ = {isa = PBXBuildFile; fileRef = A753C02C277C3F1700039D5F /* emergency_detail.swift */; };
		A753C03B277C3F1700039D5F /* Community.storyboard in Resources */ = {isa = PBXBuildFile; fileRef = A753C02D277C3F1700039D5F /* Community.storyboard */; };
		A753C03C277C3F1700039D5F /* withWriteViewController.swift in Sources */ = {isa = PBXBuildFile; fileRef = A753C02F277C3F1700039D5F /* withWriteViewController.swift */; };
		A753C03E277C3F1700039D5F /* withDetailVewController.swift in Sources */ = {isa = PBXBuildFile; fileRef = A753C031277C3F1700039D5F /* withDetailVewController.swift */; };
		A753C03F277C3F1700039D5F /* suggestViewController.swift in Sources */ = {isa = PBXBuildFile; fileRef = A753C032277C3F1700039D5F /* suggestViewController.swift */; };
		A753C041277C3F1700039D5F /* suggestDetailViewController.swift in Sources */ = {isa = PBXBuildFile; fileRef = A753C034277C3F1700039D5F /* suggestDetailViewController.swift */; };
		A753FB5D26ECEAC9001DA2C3 /* Assets.xcassets in Resources */ = {isa = PBXBuildFile; fileRef = A753FB5C26ECEAC9001DA2C3 /* Assets.xcassets */; };
		A753FB6226ED05B1001DA2C3 /* MyPageViewController.swift in Sources */ = {isa = PBXBuildFile; fileRef = A753FB6126ED05B1001DA2C3 /* MyPageViewController.swift */; };
		A756407B271043A4008609FE /* LoginPopUp.storyboard in Resources */ = {isa = PBXBuildFile; fileRef = A756407A271043A4008609FE /* LoginPopUp.storyboard */; };
		A7674F7226EF9A5600AE60FA /* RequestCheckInOut.storyboard in Resources */ = {isa = PBXBuildFile; fileRef = A7674F7126EF9A5600AE60FA /* RequestCheckInOut.storyboard */; };
		A7674F7426EF9A6500AE60FA /* RequestCheckInOutViewController.swift in Sources */ = {isa = PBXBuildFile; fileRef = A7674F7326EF9A6500AE60FA /* RequestCheckInOutViewController.swift */; };
		A76F914E27278648001AC4F3 /* NoticeDetailViewController.swift in Sources */ = {isa = PBXBuildFile; fileRef = A76F914D27278648001AC4F3 /* NoticeDetailViewController.swift */; };
		A777950B270761E000C1C3FD /* ReservationPopUp.storyboard in Resources */ = {isa = PBXBuildFile; fileRef = A777950A270761E000C1C3FD /* ReservationPopUp.storyboard */; };
		A777950E2707633D00C1C3FD /* NotCloseCellTappedPopUpViewController.swift in Sources */ = {isa = PBXBuildFile; fileRef = A777950D2707633D00C1C3FD /* NotCloseCellTappedPopUpViewController.swift */; };
		A777C8D42707A2EB00670556 /* ConfirmedReservationPopUpViewController.swift in Sources */ = {isa = PBXBuildFile; fileRef = A777C8D32707A2EB00670556 /* ConfirmedReservationPopUpViewController.swift */; };
		A777C8D62707A32600670556 /* CanceledReservationPopUpViewController.swift in Sources */ = {isa = PBXBuildFile; fileRef = A777C8D52707A32600670556 /* CanceledReservationPopUpViewController.swift */; };
		A777C8D82707A43B00670556 /* FinishedUsingPopUpViewController.swift in Sources */ = {isa = PBXBuildFile; fileRef = A777C8D72707A43B00670556 /* FinishedUsingPopUpViewController.swift */; };
		A77B7B6E2748CFF200D0D5B1 /* splash.png in Resources */ = {isa = PBXBuildFile; fileRef = A77B7B6D2748CFF200D0D5B1 /* splash.png */; };
		A781C2FC2745238C004C9D3F /* ImmedationTableViewController.swift in Sources */ = {isa = PBXBuildFile; fileRef = A781C2FB2745238C004C9D3F /* ImmedationTableViewController.swift */; };
		A781C2FE274538D4004C9D3F /* TableHeaderView.swift in Sources */ = {isa = PBXBuildFile; fileRef = A781C2FD274538D4004C9D3F /* TableHeaderView.swift */; };
		A79A288D2708121C000EB8C2 /* UsageHistory.storyboard in Resources */ = {isa = PBXBuildFile; fileRef = A79A288C2708121C000EB8C2 /* UsageHistory.storyboard */; };
		A79A288F2708122C000EB8C2 /* UsageHistoryViewController.swift in Sources */ = {isa = PBXBuildFile; fileRef = A79A288E2708122C000EB8C2 /* UsageHistoryViewController.swift */; };
		A79C215326EF3D11000B9028 /* MembershipWithdrawlPopUp.storyboard in Resources */ = {isa = PBXBuildFile; fileRef = A79C215226EF3D11000B9028 /* MembershipWithdrawlPopUp.storyboard */; };
		A79C215526EF3D1B000B9028 /* MembershipWithdrawlPopUpViewController.swift in Sources */ = {isa = PBXBuildFile; fileRef = A79C215426EF3D1B000B9028 /* MembershipWithdrawlPopUpViewController.swift */; };
		A79C215726EF4452000B9028 /* MembershipWithdrawlCompletedPopUpViewController.swift in Sources */ = {isa = PBXBuildFile; fileRef = A79C215626EF4452000B9028 /* MembershipWithdrawlCompletedPopUpViewController.swift */; };
		A79C215926EF58B4000B9028 /* LogOutCompletedPopUpViewController.swift in Sources */ = {isa = PBXBuildFile; fileRef = A79C215826EF58B4000B9028 /* LogOutCompletedPopUpViewController.swift */; };
		A79C215B26EF5B2C000B9028 /* SetNotification.storyboard in Resources */ = {isa = PBXBuildFile; fileRef = A79C215A26EF5B2C000B9028 /* SetNotification.storyboard */; };
		A79C215D26EF5B3C000B9028 /* SetNotificationViewController.swift in Sources */ = {isa = PBXBuildFile; fileRef = A79C215C26EF5B3C000B9028 /* SetNotificationViewController.swift */; };
		A79C58E026EEE65D00F608D1 /* ManageAccountInfo.storyboard in Resources */ = {isa = PBXBuildFile; fileRef = A79C58DF26EEE65D00F608D1 /* ManageAccountInfo.storyboard */; };
		A79C58E226EEE66C00F608D1 /* ManageAccountInfoViewController.swift in Sources */ = {isa = PBXBuildFile; fileRef = A79C58E126EEE66C00F608D1 /* ManageAccountInfoViewController.swift */; };
		A79C58E426EEF33400F608D1 /* ChangePasswordViewController.swift in Sources */ = {isa = PBXBuildFile; fileRef = A79C58E326EEF33400F608D1 /* ChangePasswordViewController.swift */; };
		A7A9B3D32754CF45009B22DF /* Notice.swift in Sources */ = {isa = PBXBuildFile; fileRef = A7A9B3D22754CF45009B22DF /* Notice.swift */; };
		A7A9B3D52754D200009B22DF /* NoticeListCellViewModel.swift in Sources */ = {isa = PBXBuildFile; fileRef = A7A9B3D42754D200009B22DF /* NoticeListCellViewModel.swift */; };
		A7A9B3DA2754DBB6009B22DF /* NoticeNetwork.swift in Sources */ = {isa = PBXBuildFile; fileRef = A7A9B3D92754DBB6009B22DF /* NoticeNetwork.swift */; };
		A7AE9F3426EF20120082C855 /* LogOutPopUpViewController.swift in Sources */ = {isa = PBXBuildFile; fileRef = A7AE9F3326EF20120082C855 /* LogOutPopUpViewController.swift */; };
		A7AE9F3626EF201C0082C855 /* LogOutPopUp.storyboard in Resources */ = {isa = PBXBuildFile; fileRef = A7AE9F3526EF201C0082C855 /* LogOutPopUp.storyboard */; };
		A7AE9F3926EF2E060082C855 /* PasswordChangedPopUp.storyboard in Resources */ = {isa = PBXBuildFile; fileRef = A7AE9F3826EF2E060082C855 /* PasswordChangedPopUp.storyboard */; };
		A7AE9F3B26EF2E110082C855 /* PasswordChangedPopUpViewController.swift in Sources */ = {isa = PBXBuildFile; fileRef = A7AE9F3A26EF2E110082C855 /* PasswordChangedPopUpViewController.swift */; };
		A7B35573277AE2F8006F6A54 /* UserService.swift in Sources */ = {isa = PBXBuildFile; fileRef = A7B35572277AE2F8006F6A54 /* UserService.swift */; };
		A7B35575277B18D8006F6A54 /* CommentInputAccesoryView.swift in Sources */ = {isa = PBXBuildFile; fileRef = A7B35574277B18D8006F6A54 /* CommentInputAccesoryView.swift */; };
		A7B35577277B73F3006F6A54 /* LoginViewModel.swift in Sources */ = {isa = PBXBuildFile; fileRef = A7B35576277B73F3006F6A54 /* LoginViewModel.swift */; };
		A7C9D0FE277810BE00943207 /* Main.storyboard in Resources */ = {isa = PBXBuildFile; fileRef = A7C9D0FD277810BE00943207 /* Main.storyboard */; };
		A7C9D10327784A4E00943207 /* InputTextView.swift in Sources */ = {isa = PBXBuildFile; fileRef = A7C9D10227784A4E00943207 /* InputTextView.swift */; };
		A7C9D10627784A8A00943207 /* SnapKit in Frameworks */ = {isa = PBXBuildFile; productRef = A7C9D10527784A8A00943207 /* SnapKit */; };
		A7DC1CA12707788A002F395C /* ConfirmReservationPopUpViewController.swift in Sources */ = {isa = PBXBuildFile; fileRef = A7DC1CA02707788A002F395C /* ConfirmReservationPopUpViewController.swift */; };
		A7DC1CA3270778CE002F395C /* CancelReservationPopUpViewController.swift in Sources */ = {isa = PBXBuildFile; fileRef = A7DC1CA2270778CE002F395C /* CancelReservationPopUpViewController.swift */; };
		A7DC1CA527077918002F395C /* FinishUsingPopUpViewController.swift in Sources */ = {isa = PBXBuildFile; fileRef = A7DC1CA427077918002F395C /* FinishUsingPopUpViewController.swift */; };
		A7DE0107270836760098AACF /* NotificationViewController.swift in Sources */ = {isa = PBXBuildFile; fileRef = A7DE0106270836760098AACF /* NotificationViewController.swift */; };
		A7EB141B271045FE001E8709 /* WaitingForApprovalPopUpViewController.swift in Sources */ = {isa = PBXBuildFile; fileRef = A7EB141A271045FE001E8709 /* WaitingForApprovalPopUpViewController.swift */; };
		A7EB141D27104662001E8709 /* CheckIDInfoPopUpViewController.swift in Sources */ = {isa = PBXBuildFile; fileRef = A7EB141C27104662001E8709 /* CheckIDInfoPopUpViewController.swift */; };
		A7EB99E82710094E005B43AB /* RequestCheckInContainerViewController.swift in Sources */ = {isa = PBXBuildFile; fileRef = A7EB99E72710094E005B43AB /* RequestCheckInContainerViewController.swift */; };
		A7F3C4922779A0410019B5F4 /* AuthService.swift in Sources */ = {isa = PBXBuildFile; fileRef = A7F3C4912779A0410019B5F4 /* AuthService.swift */; };
		A7F4193B26F25FD700D6C6EA /* CheckInRequestPopUp.storyboard in Resources */ = {isa = PBXBuildFile; fileRef = A7F4193A26F25FD700D6C6EA /* CheckInRequestPopUp.storyboard */; };
		A7F4193D26F25FE400D6C6EA /* CheckInRequestPopUpViewController.swift in Sources */ = {isa = PBXBuildFile; fileRef = A7F4193C26F25FE400D6C6EA /* CheckInRequestPopUpViewController.swift */; };
		A7F9DCED27759495005E9113 /* MateNetwork.swift in Sources */ = {isa = PBXBuildFile; fileRef = A7F9DCEC27759494005E9113 /* MateNetwork.swift */; };
		A7F9DCEF27759E0C005E9113 /* MateCellViewModel.swift in Sources */ = {isa = PBXBuildFile; fileRef = A7F9DCEE27759E0C005E9113 /* MateCellViewModel.swift */; };
		A7FA636026EDDBF7005D9785 /* EditProfile.storyboard in Resources */ = {isa = PBXBuildFile; fileRef = A7FA635F26EDDBF7005D9785 /* EditProfile.storyboard */; };
		A7FA636226EDDC0F005D9785 /* EditProfileViewController.swift in Sources */ = {isa = PBXBuildFile; fileRef = A7FA636126EDDC0F005D9785 /* EditProfileViewController.swift */; };
		A7FA636426EE2519005D9785 /* UITextView.swift in Sources */ = {isa = PBXBuildFile; fileRef = A7FA636326EE2519005D9785 /* UITextView.swift */; };
		A7FA636626EE293F005D9785 /* MyProfileAndWriting.storyboard in Resources */ = {isa = PBXBuildFile; fileRef = A7FA636526EE293F005D9785 /* MyProfileAndWriting.storyboard */; };
		A7FA636826EE294E005D9785 /* MyProfileAndWritingViewController.swift in Sources */ = {isa = PBXBuildFile; fileRef = A7FA636726EE294E005D9785 /* MyProfileAndWritingViewController.swift */; };
/* End PBXBuildFile section */

/* Begin PBXFileReference section */
		3D00C8B4266E3999006236A0 /* MateListViewController.swift */ = {isa = PBXFileReference; lastKnownFileType = sourcecode.swift; path = MateListViewController.swift; sourceTree = "<group>"; };
		3D00C8B9266E39E8006236A0 /* Mate.storyboard */ = {isa = PBXFileReference; lastKnownFileType = file.storyboard; path = Mate.storyboard; sourceTree = "<group>"; };
		3D015AFE265812B6003EC5E6 /* TermsOfServices.swift */ = {isa = PBXFileReference; lastKnownFileType = sourcecode.swift; path = TermsOfServices.swift; sourceTree = "<group>"; };
		3D015B0126590F0D003EC5E6 /* DepartmentViewController.swift */ = {isa = PBXFileReference; lastKnownFileType = sourcecode.swift; path = DepartmentViewController.swift; sourceTree = "<group>"; };
		3D231A67266E44BA00080E9B /* Mate.swift */ = {isa = PBXFileReference; lastKnownFileType = sourcecode.swift; path = Mate.swift; sourceTree = "<group>"; };
		3D231A69266E629D00080E9B /* MateCell.swift */ = {isa = PBXFileReference; lastKnownFileType = sourcecode.swift; path = MateCell.swift; sourceTree = "<group>"; };
		3D2FBC052675FE6B00D2FF56 /* PublicViewController.swift */ = {isa = PBXFileReference; lastKnownFileType = sourcecode.swift; path = PublicViewController.swift; sourceTree = "<group>"; };
		3D2FBC082675FEDD00D2FF56 /* Public.swift */ = {isa = PBXFileReference; lastKnownFileType = sourcecode.swift; path = Public.swift; sourceTree = "<group>"; };
		3D2FBC0A26760BFA00D2FF56 /* Date.swift */ = {isa = PBXFileReference; lastKnownFileType = sourcecode.swift; path = Date.swift; sourceTree = "<group>"; };
		3D40E52D2658086800B19E32 /* TermsOfServices.storyboard */ = {isa = PBXFileReference; lastKnownFileType = file.storyboard; path = TermsOfServices.storyboard; sourceTree = "<group>"; };
		3D40E52F2658089600B19E32 /* TermsOfServicesViewController.swift */ = {isa = PBXFileReference; lastKnownFileType = sourcecode.swift; path = TermsOfServicesViewController.swift; sourceTree = "<group>"; };
		3D520BAA265340E40090B6E8 /* Home.storyboard */ = {isa = PBXFileReference; lastKnownFileType = file.storyboard; path = Home.storyboard; sourceTree = "<group>"; };
		3D5D5985265247F40018FE63 /* GongSaeng.app */ = {isa = PBXFileReference; explicitFileType = wrapper.application; includeInIndex = 0; path = GongSaeng.app; sourceTree = BUILT_PRODUCTS_DIR; };
		3D5D5988265247F40018FE63 /* AppDelegate.swift */ = {isa = PBXFileReference; lastKnownFileType = sourcecode.swift; path = AppDelegate.swift; sourceTree = "<group>"; };
		3D5D598A265247F40018FE63 /* SceneDelegate.swift */ = {isa = PBXFileReference; lastKnownFileType = sourcecode.swift; path = SceneDelegate.swift; sourceTree = "<group>"; };
		3D5D5994265247F50018FE63 /* Base */ = {isa = PBXFileReference; lastKnownFileType = file.storyboard; name = Base; path = Base.lproj/LaunchScreen.storyboard; sourceTree = "<group>"; };
		3D5D5996265247F50018FE63 /* Info.plist */ = {isa = PBXFileReference; lastKnownFileType = text.plist.xml; path = Info.plist; sourceTree = "<group>"; };
		3D5D599D265249310018FE63 /* HomeViewController.swift */ = {isa = PBXFileReference; lastKnownFileType = sourcecode.swift; path = HomeViewController.swift; sourceTree = "<group>"; };
		3D5D59A72652AF390018FE63 /* FirstViewController.swift */ = {isa = PBXFileReference; lastKnownFileType = sourcecode.swift; path = FirstViewController.swift; sourceTree = "<group>"; };
		3D5D59A92652B11C0018FE63 /* RegisterViewController.swift */ = {isa = PBXFileReference; lastKnownFileType = sourcecode.swift; path = RegisterViewController.swift; sourceTree = "<group>"; };
		3D5D59AB2652B12A0018FE63 /* LoginViewController.swift */ = {isa = PBXFileReference; lastKnownFileType = sourcecode.swift; path = LoginViewController.swift; sourceTree = "<group>"; };
		3D5D59AD2652B2930018FE63 /* Register.storyboard */ = {isa = PBXFileReference; lastKnownFileType = file.storyboard; path = Register.storyboard; sourceTree = "<group>"; };
		3D5D59AF2652B29B0018FE63 /* Login.storyboard */ = {isa = PBXFileReference; lastKnownFileType = file.storyboard; path = Login.storyboard; sourceTree = "<group>"; };
		3D816C60266B92D700A5164B /* AppTabbarController.swift */ = {isa = PBXFileReference; lastKnownFileType = sourcecode.swift; path = AppTabbarController.swift; sourceTree = "<group>"; };
		3D85550A2660083D00147EE7 /* MemberViewController.swift */ = {isa = PBXFileReference; lastKnownFileType = sourcecode.swift; path = MemberViewController.swift; sourceTree = "<group>"; };
		3D85550C2660084A00147EE7 /* AccountViewController.swift */ = {isa = PBXFileReference; lastKnownFileType = sourcecode.swift; path = AccountViewController.swift; sourceTree = "<group>"; };
		3DA98CCC26530C30005175B5 /* User.swift */ = {isa = PBXFileReference; lastKnownFileType = sourcecode.swift; path = User.swift; sourceTree = "<group>"; };
		3DAFCB9F26625DF6008E9803 /* Normalization.swift */ = {isa = PBXFileReference; lastKnownFileType = sourcecode.swift; path = Normalization.swift; sourceTree = "<group>"; };
		3DAFCBA126626176008E9803 /* UIView.swift */ = {isa = PBXFileReference; lastKnownFileType = sourcecode.swift; path = UIView.swift; sourceTree = "<group>"; };
		3DAFCBA3266261E6008E9803 /* UITextField.swift */ = {isa = PBXFileReference; lastKnownFileType = sourcecode.swift; path = UITextField.swift; sourceTree = "<group>"; };
		3DAFCBA526627256008E9803 /* CompletedRegisterViewController.swift */ = {isa = PBXFileReference; lastKnownFileType = sourcecode.swift; path = CompletedRegisterViewController.swift; sourceTree = "<group>"; };
		3DB686F9268D8C570061BCB0 /* LoginUser.swift */ = {isa = PBXFileReference; lastKnownFileType = sourcecode.swift; path = LoginUser.swift; sourceTree = "<group>"; };
		3DC069A92697D5A600A4A6CB /* EnterUsageTimeViewController.swift */ = {isa = PBXFileReference; lastKnownFileType = sourcecode.swift; path = EnterUsageTimeViewController.swift; sourceTree = "<group>"; };
		3DD893D3266E1A6E0050B4F8 /* NoticeViewController.swift */ = {isa = PBXFileReference; lastKnownFileType = sourcecode.swift; path = NoticeViewController.swift; sourceTree = "<group>"; };
		3DD893D5266E1A9C0050B4F8 /* MateViewController.swift */ = {isa = PBXFileReference; lastKnownFileType = sourcecode.swift; path = MateViewController.swift; sourceTree = "<group>"; };
		3DE755E8265975CE001FE813 /* Department.swift */ = {isa = PBXFileReference; lastKnownFileType = sourcecode.swift; path = Department.swift; sourceTree = "<group>"; };
		3DF5B4C9267A1396004F1E03 /* ReservationViewController.swift */ = {isa = PBXFileReference; lastKnownFileType = sourcecode.swift; path = ReservationViewController.swift; sourceTree = "<group>"; };
		3DF5B4CB267A13C8004F1E03 /* ImmediationViewController.swift */ = {isa = PBXFileReference; lastKnownFileType = sourcecode.swift; path = ImmediationViewController.swift; sourceTree = "<group>"; };
		3DF5B4CD267A19BD004F1E03 /* Public.storyboard */ = {isa = PBXFileReference; lastKnownFileType = file.storyboard; path = Public.storyboard; sourceTree = "<group>"; };
		76035DF8277C448200090B17 /* free.storyboard */ = {isa = PBXFileReference; fileEncoding = 4; lastKnownFileType = file.storyboard; path = free.storyboard; sourceTree = "<group>"; };
		76035DF9277C448200090B17 /* freeListViewController.swift */ = {isa = PBXFileReference; fileEncoding = 4; lastKnownFileType = sourcecode.swift; path = freeListViewController.swift; sourceTree = "<group>"; };
		76035DFA277C448200090B17 /* freeListCellViewModel.swift */ = {isa = PBXFileReference; fileEncoding = 4; lastKnownFileType = sourcecode.swift; path = freeListCellViewModel.swift; sourceTree = "<group>"; };
		76035DFB277C448200090B17 /* freeDetailViewController.swift */ = {isa = PBXFileReference; fileEncoding = 4; lastKnownFileType = sourcecode.swift; path = freeDetailViewController.swift; sourceTree = "<group>"; };
		76035DFC277C448200090B17 /* free.swift */ = {isa = PBXFileReference; fileEncoding = 4; lastKnownFileType = sourcecode.swift; path = free.swift; sourceTree = "<group>"; };
		76035E02277C475000090B17 /* freeNetwork.swift */ = {isa = PBXFileReference; fileEncoding = 4; lastKnownFileType = sourcecode.swift; path = freeNetwork.swift; sourceTree = "<group>"; };
		A70D39052704BD0C00B09041 /* Reserve.storyboard */ = {isa = PBXFileReference; lastKnownFileType = file.storyboard; path = Reserve.storyboard; sourceTree = "<group>"; };
		A70D39072704BD1A00B09041 /* ReserveViewController.swift */ = {isa = PBXFileReference; lastKnownFileType = sourcecode.swift; path = ReserveViewController.swift; sourceTree = "<group>"; };
		A71600A6274638E300FC3C64 /* ImmediationViewModel.swift */ = {isa = PBXFileReference; lastKnownFileType = sourcecode.swift; path = ImmediationViewModel.swift; sourceTree = "<group>"; };
		A71600A82746393700FC3C64 /* Immediation.swift */ = {isa = PBXFileReference; lastKnownFileType = sourcecode.swift; path = Immediation.swift; sourceTree = "<group>"; };
		A71E07B926EE6021007DB8D0 /* UIImageView.swift */ = {isa = PBXFileReference; lastKnownFileType = sourcecode.swift; path = UIImageView.swift; sourceTree = "<group>"; };
		A73AE4BA26F1B7D000FA1F06 /* RequestCheckInViewController.swift */ = {isa = PBXFileReference; lastKnownFileType = sourcecode.swift; path = RequestCheckInViewController.swift; sourceTree = "<group>"; };
		A73AE4BC26F1B82200FA1F06 /* RequestCheckOutViewController.swift */ = {isa = PBXFileReference; lastKnownFileType = sourcecode.swift; path = RequestCheckOutViewController.swift; sourceTree = "<group>"; };
		A73AE4BE26F1B8A300FA1F06 /* CheckOutRequestDetailViewController.swift */ = {isa = PBXFileReference; lastKnownFileType = sourcecode.swift; path = CheckOutRequestDetailViewController.swift; sourceTree = "<group>"; };
		A73AE4C626F1CA0300FA1F06 /* CheckOutCompletedPopUp.storyboard */ = {isa = PBXFileReference; lastKnownFileType = file.storyboard; path = CheckOutCompletedPopUp.storyboard; sourceTree = "<group>"; };
		A73AE4C826F1CA0E00FA1F06 /* CheckOutCompletedPopUpViewController.swift */ = {isa = PBXFileReference; lastKnownFileType = sourcecode.swift; path = CheckOutCompletedPopUpViewController.swift; sourceTree = "<group>"; };
		A745D04627269D3900844189 /* Notice.storyboard */ = {isa = PBXFileReference; lastKnownFileType = file.storyboard; path = Notice.storyboard; sourceTree = "<group>"; };
		A745D04827269E7D00844189 /* NoticeListViewController.swift */ = {isa = PBXFileReference; lastKnownFileType = sourcecode.swift; path = NoticeListViewController.swift; sourceTree = "<group>"; };
		A746EFFF2705519800B0C099 /* ReserveContainerViewController.swift */ = {isa = PBXFileReference; lastKnownFileType = sourcecode.swift; path = ReserveContainerViewController.swift; sourceTree = "<group>"; };
		A74CBE8E273949380073D2F5 /* GoogleService-Info.plist */ = {isa = PBXFileReference; fileEncoding = 4; lastKnownFileType = text.plist.xml; path = "GoogleService-Info.plist"; sourceTree = "<group>"; };
		A753C027277C3F1700039D5F /* EmergencyController.swift */ = {isa = PBXFileReference; fileEncoding = 4; lastKnownFileType = sourcecode.swift; path = EmergencyController.swift; sourceTree = "<group>"; };
		A753C028277C3F1700039D5F /* withViewController.swift */ = {isa = PBXFileReference; fileEncoding = 4; lastKnownFileType = sourcecode.swift; path = withViewController.swift; sourceTree = "<group>"; };
		A753C029277C3F1700039D5F /* freeWriteViewController.swift */ = {isa = PBXFileReference; fileEncoding = 4; lastKnownFileType = sourcecode.swift; path = freeWriteViewController.swift; sourceTree = "<group>"; };
		A753C02A277C3F1700039D5F /* CommunityViewController.swift */ = {isa = PBXFileReference; fileEncoding = 4; lastKnownFileType = sourcecode.swift; path = CommunityViewController.swift; sourceTree = "<group>"; };
		A753C02B277C3F1700039D5F /* addBoardViewController.swift */ = {isa = PBXFileReference; fileEncoding = 4; lastKnownFileType = sourcecode.swift; path = addBoardViewController.swift; sourceTree = "<group>"; };
		A753C02C277C3F1700039D5F /* emergency_detail.swift */ = {isa = PBXFileReference; fileEncoding = 4; lastKnownFileType = sourcecode.swift; path = emergency_detail.swift; sourceTree = "<group>"; };
		A753C02E277C3F1700039D5F /* Base */ = {isa = PBXFileReference; lastKnownFileType = file.storyboard; name = Base; path = Base.lproj/Community.storyboard; sourceTree = "<group>"; };
		A753C02F277C3F1700039D5F /* withWriteViewController.swift */ = {isa = PBXFileReference; fileEncoding = 4; lastKnownFileType = sourcecode.swift; path = withWriteViewController.swift; sourceTree = "<group>"; };
		A753C031277C3F1700039D5F /* withDetailVewController.swift */ = {isa = PBXFileReference; fileEncoding = 4; lastKnownFileType = sourcecode.swift; path = withDetailVewController.swift; sourceTree = "<group>"; };
		A753C032277C3F1700039D5F /* suggestViewController.swift */ = {isa = PBXFileReference; fileEncoding = 4; lastKnownFileType = sourcecode.swift; path = suggestViewController.swift; sourceTree = "<group>"; };
		A753C034277C3F1700039D5F /* suggestDetailViewController.swift */ = {isa = PBXFileReference; fileEncoding = 4; lastKnownFileType = sourcecode.swift; path = suggestDetailViewController.swift; sourceTree = "<group>"; };
		A753FB5C26ECEAC9001DA2C3 /* Assets.xcassets */ = {isa = PBXFileReference; lastKnownFileType = folder.assetcatalog; path = Assets.xcassets; sourceTree = "<group>"; };
		A753FB6126ED05B1001DA2C3 /* MyPageViewController.swift */ = {isa = PBXFileReference; lastKnownFileType = sourcecode.swift; path = MyPageViewController.swift; sourceTree = "<group>"; };
		A756407A271043A4008609FE /* LoginPopUp.storyboard */ = {isa = PBXFileReference; lastKnownFileType = file.storyboard; path = LoginPopUp.storyboard; sourceTree = "<group>"; };
		A7674F7126EF9A5600AE60FA /* RequestCheckInOut.storyboard */ = {isa = PBXFileReference; lastKnownFileType = file.storyboard; path = RequestCheckInOut.storyboard; sourceTree = "<group>"; };
		A7674F7326EF9A6500AE60FA /* RequestCheckInOutViewController.swift */ = {isa = PBXFileReference; lastKnownFileType = sourcecode.swift; path = RequestCheckInOutViewController.swift; sourceTree = "<group>"; };
		A76F914D27278648001AC4F3 /* NoticeDetailViewController.swift */ = {isa = PBXFileReference; lastKnownFileType = sourcecode.swift; path = NoticeDetailViewController.swift; sourceTree = "<group>"; };
		A777950A270761E000C1C3FD /* ReservationPopUp.storyboard */ = {isa = PBXFileReference; lastKnownFileType = file.storyboard; path = ReservationPopUp.storyboard; sourceTree = "<group>"; };
		A777950D2707633D00C1C3FD /* NotCloseCellTappedPopUpViewController.swift */ = {isa = PBXFileReference; lastKnownFileType = sourcecode.swift; path = NotCloseCellTappedPopUpViewController.swift; sourceTree = "<group>"; };
		A777C8D32707A2EB00670556 /* ConfirmedReservationPopUpViewController.swift */ = {isa = PBXFileReference; lastKnownFileType = sourcecode.swift; path = ConfirmedReservationPopUpViewController.swift; sourceTree = "<group>"; };
		A777C8D52707A32600670556 /* CanceledReservationPopUpViewController.swift */ = {isa = PBXFileReference; lastKnownFileType = sourcecode.swift; path = CanceledReservationPopUpViewController.swift; sourceTree = "<group>"; };
		A777C8D72707A43B00670556 /* FinishedUsingPopUpViewController.swift */ = {isa = PBXFileReference; lastKnownFileType = sourcecode.swift; path = FinishedUsingPopUpViewController.swift; sourceTree = "<group>"; };
		A77B7B6D2748CFF200D0D5B1 /* splash.png */ = {isa = PBXFileReference; lastKnownFileType = image.png; path = splash.png; sourceTree = "<group>"; };
		A781C2FB2745238C004C9D3F /* ImmedationTableViewController.swift */ = {isa = PBXFileReference; lastKnownFileType = sourcecode.swift; path = ImmedationTableViewController.swift; sourceTree = "<group>"; };
		A781C2FD274538D4004C9D3F /* TableHeaderView.swift */ = {isa = PBXFileReference; lastKnownFileType = sourcecode.swift; path = TableHeaderView.swift; sourceTree = "<group>"; };
		A79A288C2708121C000EB8C2 /* UsageHistory.storyboard */ = {isa = PBXFileReference; lastKnownFileType = file.storyboard; path = UsageHistory.storyboard; sourceTree = "<group>"; };
		A79A288E2708122C000EB8C2 /* UsageHistoryViewController.swift */ = {isa = PBXFileReference; lastKnownFileType = sourcecode.swift; path = UsageHistoryViewController.swift; sourceTree = "<group>"; };
		A79C215226EF3D11000B9028 /* MembershipWithdrawlPopUp.storyboard */ = {isa = PBXFileReference; lastKnownFileType = file.storyboard; path = MembershipWithdrawlPopUp.storyboard; sourceTree = "<group>"; };
		A79C215426EF3D1B000B9028 /* MembershipWithdrawlPopUpViewController.swift */ = {isa = PBXFileReference; lastKnownFileType = sourcecode.swift; path = MembershipWithdrawlPopUpViewController.swift; sourceTree = "<group>"; };
		A79C215626EF4452000B9028 /* MembershipWithdrawlCompletedPopUpViewController.swift */ = {isa = PBXFileReference; lastKnownFileType = sourcecode.swift; path = MembershipWithdrawlCompletedPopUpViewController.swift; sourceTree = "<group>"; };
		A79C215826EF58B4000B9028 /* LogOutCompletedPopUpViewController.swift */ = {isa = PBXFileReference; lastKnownFileType = sourcecode.swift; path = LogOutCompletedPopUpViewController.swift; sourceTree = "<group>"; };
		A79C215A26EF5B2C000B9028 /* SetNotification.storyboard */ = {isa = PBXFileReference; lastKnownFileType = file.storyboard; path = SetNotification.storyboard; sourceTree = "<group>"; };
		A79C215C26EF5B3C000B9028 /* SetNotificationViewController.swift */ = {isa = PBXFileReference; lastKnownFileType = sourcecode.swift; path = SetNotificationViewController.swift; sourceTree = "<group>"; };
		A79C58DF26EEE65D00F608D1 /* ManageAccountInfo.storyboard */ = {isa = PBXFileReference; lastKnownFileType = file.storyboard; path = ManageAccountInfo.storyboard; sourceTree = "<group>"; };
		A79C58E126EEE66C00F608D1 /* ManageAccountInfoViewController.swift */ = {isa = PBXFileReference; lastKnownFileType = sourcecode.swift; path = ManageAccountInfoViewController.swift; sourceTree = "<group>"; };
		A79C58E326EEF33400F608D1 /* ChangePasswordViewController.swift */ = {isa = PBXFileReference; lastKnownFileType = sourcecode.swift; path = ChangePasswordViewController.swift; sourceTree = "<group>"; };
		A7A9B3D22754CF45009B22DF /* Notice.swift */ = {isa = PBXFileReference; lastKnownFileType = sourcecode.swift; path = Notice.swift; sourceTree = "<group>"; };
		A7A9B3D42754D200009B22DF /* NoticeListCellViewModel.swift */ = {isa = PBXFileReference; lastKnownFileType = sourcecode.swift; path = NoticeListCellViewModel.swift; sourceTree = "<group>"; };
		A7A9B3D92754DBB6009B22DF /* NoticeNetwork.swift */ = {isa = PBXFileReference; lastKnownFileType = sourcecode.swift; path = NoticeNetwork.swift; sourceTree = "<group>"; };
		A7AE9F3326EF20120082C855 /* LogOutPopUpViewController.swift */ = {isa = PBXFileReference; lastKnownFileType = sourcecode.swift; path = LogOutPopUpViewController.swift; sourceTree = "<group>"; };
		A7AE9F3526EF201C0082C855 /* LogOutPopUp.storyboard */ = {isa = PBXFileReference; lastKnownFileType = file.storyboard; path = LogOutPopUp.storyboard; sourceTree = "<group>"; };
		A7AE9F3826EF2E060082C855 /* PasswordChangedPopUp.storyboard */ = {isa = PBXFileReference; lastKnownFileType = file.storyboard; path = PasswordChangedPopUp.storyboard; sourceTree = "<group>"; };
		A7AE9F3A26EF2E110082C855 /* PasswordChangedPopUpViewController.swift */ = {isa = PBXFileReference; lastKnownFileType = sourcecode.swift; path = PasswordChangedPopUpViewController.swift; sourceTree = "<group>"; };
		A7B35572277AE2F8006F6A54 /* UserService.swift */ = {isa = PBXFileReference; lastKnownFileType = sourcecode.swift; path = UserService.swift; sourceTree = "<group>"; };
		A7B35574277B18D8006F6A54 /* CommentInputAccesoryView.swift */ = {isa = PBXFileReference; lastKnownFileType = sourcecode.swift; path = CommentInputAccesoryView.swift; sourceTree = "<group>"; };
		A7B35576277B73F3006F6A54 /* LoginViewModel.swift */ = {isa = PBXFileReference; lastKnownFileType = sourcecode.swift; path = LoginViewModel.swift; sourceTree = "<group>"; };
		A7C9D0FD277810BE00943207 /* Main.storyboard */ = {isa = PBXFileReference; lastKnownFileType = file.storyboard; path = Main.storyboard; sourceTree = "<group>"; };
		A7C9D10227784A4E00943207 /* InputTextView.swift */ = {isa = PBXFileReference; lastKnownFileType = sourcecode.swift; path = InputTextView.swift; sourceTree = "<group>"; };
		A7DC1CA02707788A002F395C /* ConfirmReservationPopUpViewController.swift */ = {isa = PBXFileReference; lastKnownFileType = sourcecode.swift; path = ConfirmReservationPopUpViewController.swift; sourceTree = "<group>"; };
		A7DC1CA2270778CE002F395C /* CancelReservationPopUpViewController.swift */ = {isa = PBXFileReference; lastKnownFileType = sourcecode.swift; path = CancelReservationPopUpViewController.swift; sourceTree = "<group>"; };
		A7DC1CA427077918002F395C /* FinishUsingPopUpViewController.swift */ = {isa = PBXFileReference; lastKnownFileType = sourcecode.swift; path = FinishUsingPopUpViewController.swift; sourceTree = "<group>"; };
		A7DE0106270836760098AACF /* NotificationViewController.swift */ = {isa = PBXFileReference; lastKnownFileType = sourcecode.swift; path = NotificationViewController.swift; sourceTree = "<group>"; };
		A7EB141A271045FE001E8709 /* WaitingForApprovalPopUpViewController.swift */ = {isa = PBXFileReference; lastKnownFileType = sourcecode.swift; path = WaitingForApprovalPopUpViewController.swift; sourceTree = "<group>"; };
		A7EB141C27104662001E8709 /* CheckIDInfoPopUpViewController.swift */ = {isa = PBXFileReference; lastKnownFileType = sourcecode.swift; path = CheckIDInfoPopUpViewController.swift; sourceTree = "<group>"; };
		A7EB99E72710094E005B43AB /* RequestCheckInContainerViewController.swift */ = {isa = PBXFileReference; lastKnownFileType = sourcecode.swift; path = RequestCheckInContainerViewController.swift; sourceTree = "<group>"; };
		A7F3C4912779A0410019B5F4 /* AuthService.swift */ = {isa = PBXFileReference; lastKnownFileType = sourcecode.swift; path = AuthService.swift; sourceTree = "<group>"; };
		A7F4193A26F25FD700D6C6EA /* CheckInRequestPopUp.storyboard */ = {isa = PBXFileReference; lastKnownFileType = file.storyboard; path = CheckInRequestPopUp.storyboard; sourceTree = "<group>"; };
		A7F4193C26F25FE400D6C6EA /* CheckInRequestPopUpViewController.swift */ = {isa = PBXFileReference; lastKnownFileType = sourcecode.swift; path = CheckInRequestPopUpViewController.swift; sourceTree = "<group>"; };
		A7F9DCEC27759494005E9113 /* MateNetwork.swift */ = {isa = PBXFileReference; lastKnownFileType = sourcecode.swift; path = MateNetwork.swift; sourceTree = "<group>"; };
		A7F9DCEE27759E0C005E9113 /* MateCellViewModel.swift */ = {isa = PBXFileReference; lastKnownFileType = sourcecode.swift; path = MateCellViewModel.swift; sourceTree = "<group>"; };
		A7FA635F26EDDBF7005D9785 /* EditProfile.storyboard */ = {isa = PBXFileReference; lastKnownFileType = file.storyboard; path = EditProfile.storyboard; sourceTree = "<group>"; };
		A7FA636126EDDC0F005D9785 /* EditProfileViewController.swift */ = {isa = PBXFileReference; lastKnownFileType = sourcecode.swift; path = EditProfileViewController.swift; sourceTree = "<group>"; };
		A7FA636326EE2519005D9785 /* UITextView.swift */ = {isa = PBXFileReference; lastKnownFileType = sourcecode.swift; path = UITextView.swift; sourceTree = "<group>"; };
		A7FA636526EE293F005D9785 /* MyProfileAndWriting.storyboard */ = {isa = PBXFileReference; lastKnownFileType = file.storyboard; path = MyProfileAndWriting.storyboard; sourceTree = "<group>"; };
		A7FA636726EE294E005D9785 /* MyProfileAndWritingViewController.swift */ = {isa = PBXFileReference; lastKnownFileType = sourcecode.swift; path = MyProfileAndWritingViewController.swift; sourceTree = "<group>"; };
/* End PBXFileReference section */

/* Begin PBXFrameworksBuildPhase section */
		3D5D5982265247F40018FE63 /* Frameworks */ = {
			isa = PBXFrameworksBuildPhase;
			buildActionMask = 2147483647;
			files = (
				A7C9D10627784A8A00943207 /* SnapKit in Frameworks */,
			);
			runOnlyForDeploymentPostprocessing = 0;
		};
/* End PBXFrameworksBuildPhase section */

/* Begin PBXGroup section */
		3D00C8B8266E39CD006236A0 /* Mate */ = {
			isa = PBXGroup;
			children = (
				3D00C8B9266E39E8006236A0 /* Mate.storyboard */,
				3D231A67266E44BA00080E9B /* Mate.swift */,
				3D231A69266E629D00080E9B /* MateCell.swift */,
				A7F9DCEE27759E0C005E9113 /* MateCellViewModel.swift */,
				3D00C8B4266E3999006236A0 /* MateListViewController.swift */,
			);
			path = Mate;
			sourceTree = "<group>";
		};
		3D2FBC072675FEAC00D2FF56 /* Public */ = {
			isa = PBXGroup;
			children = (
				3DF5B4CD267A19BD004F1E03 /* Public.storyboard */,
				3D2FBC082675FEDD00D2FF56 /* Public.swift */,
				3D2FBC052675FE6B00D2FF56 /* PublicViewController.swift */,
				3DC069A92697D5A600A4A6CB /* EnterUsageTimeViewController.swift */,
				A781C2FD274538D4004C9D3F /* TableHeaderView.swift */,
				A781C2F92745233B004C9D3F /* Immediation */,
				A781C2FA27452345004C9D3F /* Reservation */,
			);
			path = Public;
			sourceTree = "<group>";
		};
		3D5D597C265247F40018FE63 = {
			isa = PBXGroup;
			children = (
				3D5D5987265247F40018FE63 /* GongSaeng */,
				3D5D5986265247F40018FE63 /* Products */,
			);
			sourceTree = "<group>";
		};
		3D5D5986265247F40018FE63 /* Products */ = {
			isa = PBXGroup;
			children = (
				3D5D5985265247F40018FE63 /* GongSaeng.app */,
			);
			name = Products;
			sourceTree = "<group>";
		};
		3D5D5987265247F40018FE63 /* GongSaeng */ = {
			isa = PBXGroup;
			children = (
				A77B7B6D2748CFF200D0D5B1 /* splash.png */,
				3DA98CCB26530C04005175B5 /* User */,
				3D5D5988265247F40018FE63 /* AppDelegate.swift */,
				3D5D598A265247F40018FE63 /* SceneDelegate.swift */,
				3D5D59A72652AF390018FE63 /* FirstViewController.swift */,
				A7C9D0FD277810BE00943207 /* Main.storyboard */,
				3D5D5993265247F50018FE63 /* LaunchScreen.storyboard */,
				3D5D5996265247F50018FE63 /* Info.plist */,
				A74CBE8E273949380073D2F5 /* GoogleService-Info.plist */,
				A753FB5C26ECEAC9001DA2C3 /* Assets.xcassets */,
				3D5D59A1265295C60018FE63 /* Login */,
				3D5D59A62652961B0018FE63 /* Register */,
				3DB686F8268D8C2D0061BCB0 /* TabbarManager */,
				3D5D599C2652491F0018FE63 /* Home */,
				3D2FBC072675FEAC00D2FF56 /* Public */,
				A753C026277C3F1700039D5F /* Community */,
				A7DE0105270836300098AACF /* Notification */,
				A753FB6026ED0533001DA2C3 /* MyPage */,
				A7A9B3D62754D42D009B22DF /* API */,
				A7C9D0FF277849E700943207 /* View */,
				3DAFCB9E26625DDF008E9803 /* Extension + Public */,
			);
			path = GongSaeng;
			sourceTree = "<group>";
		};
		3D5D599C2652491F0018FE63 /* Home */ = {
			isa = PBXGroup;
			children = (
				3D520BAA265340E40090B6E8 /* Home.storyboard */,
				3D5D599D265249310018FE63 /* HomeViewController.swift */,
				3DD893D3266E1A6E0050B4F8 /* NoticeViewController.swift */,
				3DD893D5266E1A9C0050B4F8 /* MateViewController.swift */,
				A745D04527269D2200844189 /* Notice */,
				3D00C8B8266E39CD006236A0 /* Mate */,
			);
			path = Home;
			sourceTree = "<group>";
		};
		3D5D59A1265295C60018FE63 /* Login */ = {
			isa = PBXGroup;
			children = (
				3D5D59AB2652B12A0018FE63 /* LoginViewController.swift */,
				3D5D59AF2652B29B0018FE63 /* Login.storyboard */,
				A75640792710435D008609FE /* PopUp */,
				A7B35576277B73F3006F6A54 /* LoginViewModel.swift */,
			);
			path = Login;
			sourceTree = "<group>";
		};
		3D5D59A62652961B0018FE63 /* Register */ = {
			isa = PBXGroup;
			children = (
				3D5D59A92652B11C0018FE63 /* RegisterViewController.swift */,
				3D5D59AD2652B2930018FE63 /* Register.storyboard */,
				3D40E52D2658086800B19E32 /* TermsOfServices.storyboard */,
				3D40E52F2658089600B19E32 /* TermsOfServicesViewController.swift */,
				3D015AFE265812B6003EC5E6 /* TermsOfServices.swift */,
				3D015B0126590F0D003EC5E6 /* DepartmentViewController.swift */,
				3DE755E8265975CE001FE813 /* Department.swift */,
				3D85550A2660083D00147EE7 /* MemberViewController.swift */,
				3D85550C2660084A00147EE7 /* AccountViewController.swift */,
				3DAFCBA526627256008E9803 /* CompletedRegisterViewController.swift */,
			);
			path = Register;
			sourceTree = "<group>";
		};
		3DA98CCB26530C04005175B5 /* User */ = {
			isa = PBXGroup;
			children = (
				3DA98CCC26530C30005175B5 /* User.swift */,
			);
			path = User;
			sourceTree = "<group>";
		};
		3DAFCB9E26625DDF008E9803 /* Extension + Public */ = {
			isa = PBXGroup;
			children = (
				3DAFCB9F26625DF6008E9803 /* Normalization.swift */,
				3DAFCBA126626176008E9803 /* UIView.swift */,
				3DAFCBA3266261E6008E9803 /* UITextField.swift */,
				3D2FBC0A26760BFA00D2FF56 /* Date.swift */,
				A7FA636326EE2519005D9785 /* UITextView.swift */,
				A71E07B926EE6021007DB8D0 /* UIImageView.swift */,
			);
			path = "Extension + Public";
			sourceTree = "<group>";
		};
		3DB686F8268D8C2D0061BCB0 /* TabbarManager */ = {
			isa = PBXGroup;
			children = (
				3D816C60266B92D700A5164B /* AppTabbarController.swift */,
				3DB686F9268D8C570061BCB0 /* LoginUser.swift */,
			);
			path = TabbarManager;
			sourceTree = "<group>";
		};
		A73AE4C026F1B94500FA1F06 /* EditProfile */ = {
			isa = PBXGroup;
			children = (
				A7FA635F26EDDBF7005D9785 /* EditProfile.storyboard */,
				A7FA636126EDDC0F005D9785 /* EditProfileViewController.swift */,
			);
			path = EditProfile;
			sourceTree = "<group>";
		};
		A73AE4C126F1B97700FA1F06 /* MyProfileAndWriting */ = {
			isa = PBXGroup;
			children = (
				A7FA636526EE293F005D9785 /* MyProfileAndWriting.storyboard */,
				A7FA636726EE294E005D9785 /* MyProfileAndWritingViewController.swift */,
			);
			path = MyProfileAndWriting;
			sourceTree = "<group>";
		};
		A73AE4C226F1B98700FA1F06 /* RequestCheckInOut */ = {
			isa = PBXGroup;
			children = (
				A7674F7126EF9A5600AE60FA /* RequestCheckInOut.storyboard */,
				A7674F7326EF9A6500AE60FA /* RequestCheckInOutViewController.swift */,
				A73AE4BA26F1B7D000FA1F06 /* RequestCheckInViewController.swift */,
				A7EB99E72710094E005B43AB /* RequestCheckInContainerViewController.swift */,
				A73AE4BC26F1B82200FA1F06 /* RequestCheckOutViewController.swift */,
				A73AE4BE26F1B8A300FA1F06 /* CheckOutRequestDetailViewController.swift */,
				A73AE4C526F1C36600FA1F06 /* PopUp */,
			);
			path = RequestCheckInOut;
			sourceTree = "<group>";
		};
		A73AE4C326F1B99900FA1F06 /* ManageAccountInfo */ = {
			isa = PBXGroup;
			children = (
				A79C58DF26EEE65D00F608D1 /* ManageAccountInfo.storyboard */,
				A79C58E126EEE66C00F608D1 /* ManageAccountInfoViewController.swift */,
				A79C58E326EEF33400F608D1 /* ChangePasswordViewController.swift */,
			);
			path = ManageAccountInfo;
			sourceTree = "<group>";
		};
		A73AE4C426F1BA6000FA1F06 /* SetNotification */ = {
			isa = PBXGroup;
			children = (
				A79C215A26EF5B2C000B9028 /* SetNotification.storyboard */,
				A79C215C26EF5B3C000B9028 /* SetNotificationViewController.swift */,
			);
			path = SetNotification;
			sourceTree = "<group>";
		};
		A73AE4C526F1C36600FA1F06 /* PopUp */ = {
			isa = PBXGroup;
			children = (
				A73AE4C626F1CA0300FA1F06 /* CheckOutCompletedPopUp.storyboard */,
				A73AE4C826F1CA0E00FA1F06 /* CheckOutCompletedPopUpViewController.swift */,
			);
			path = PopUp;
			sourceTree = "<group>";
		};
		A745D04527269D2200844189 /* Notice */ = {
			isa = PBXGroup;
			children = (
				A745D04627269D3900844189 /* Notice.storyboard */,
				A7A9B3D22754CF45009B22DF /* Notice.swift */,
				A7A9B3D42754D200009B22DF /* NoticeListCellViewModel.swift */,
				A745D04827269E7D00844189 /* NoticeListViewController.swift */,
				A76F914D27278648001AC4F3 /* NoticeDetailViewController.swift */,
			);
			path = Notice;
			sourceTree = "<group>";
		};
		A753C026277C3F1700039D5F /* Community */ = {
			isa = PBXGroup;
			children = (
				76035DF7277C448200090B17 /* free */,
				A753C02D277C3F1700039D5F /* Community.storyboard */,
				A753C02A277C3F1700039D5F /* CommunityViewController.swift */,
				A753C027277C3F1700039D5F /* EmergencyController.swift */,
				A753C028277C3F1700039D5F /* withViewController.swift */,
				A753C029277C3F1700039D5F /* freeWriteViewController.swift */,
				A753C02B277C3F1700039D5F /* addBoardViewController.swift */,
				A753C02C277C3F1700039D5F /* emergency_detail.swift */,
				A753C02F277C3F1700039D5F /* withWriteViewController.swift */,
				A753C031277C3F1700039D5F /* withDetailVewController.swift */,
				A753C032277C3F1700039D5F /* suggestViewController.swift */,
				A753C034277C3F1700039D5F /* suggestDetailViewController.swift */,
			);
			path = Community;
			sourceTree = "<group>";
		};
		A753FB6026ED0533001DA2C3 /* MyPage */ = {
			isa = PBXGroup;
			children = (
				A753FB6126ED05B1001DA2C3 /* MyPageViewController.swift */,
				A73AE4C026F1B94500FA1F06 /* EditProfile */,
				A73AE4C126F1B97700FA1F06 /* MyProfileAndWriting */,
				A73AE4C226F1B98700FA1F06 /* RequestCheckInOut */,
				A73AE4C326F1B99900FA1F06 /* ManageAccountInfo */,
				A73AE4C426F1BA6000FA1F06 /* SetNotification */,
				A7AE9F3726EF2C9B0082C855 /* PopUp */,
			);
			path = MyPage;
			sourceTree = "<group>";
		};
		A75640792710435D008609FE /* PopUp */ = {
			isa = PBXGroup;
			children = (
				A756407A271043A4008609FE /* LoginPopUp.storyboard */,
				A7EB141A271045FE001E8709 /* WaitingForApprovalPopUpViewController.swift */,
				A7EB141C27104662001E8709 /* CheckIDInfoPopUpViewController.swift */,
			);
			path = PopUp;
			sourceTree = "<group>";
		};
		A777950C2707620B00C1C3FD /* ReservationPopUp */ = {
			isa = PBXGroup;
			children = (
				A777950A270761E000C1C3FD /* ReservationPopUp.storyboard */,
				A777950D2707633D00C1C3FD /* NotCloseCellTappedPopUpViewController.swift */,
				A7DC1CA02707788A002F395C /* ConfirmReservationPopUpViewController.swift */,
				A7DC1CA2270778CE002F395C /* CancelReservationPopUpViewController.swift */,
				A7DC1CA427077918002F395C /* FinishUsingPopUpViewController.swift */,
				A777C8D32707A2EB00670556 /* ConfirmedReservationPopUpViewController.swift */,
				A777C8D52707A32600670556 /* CanceledReservationPopUpViewController.swift */,
				A777C8D72707A43B00670556 /* FinishedUsingPopUpViewController.swift */,
			);
			path = ReservationPopUp;
			sourceTree = "<group>";
		};
		A781C2F92745233B004C9D3F /* Immediation */ = {
			isa = PBXGroup;
			children = (
				A71600A82746393700FC3C64 /* Immediation.swift */,
				A71600A6274638E300FC3C64 /* ImmediationViewModel.swift */,
				A781C2FB2745238C004C9D3F /* ImmedationTableViewController.swift */,
				3DF5B4CB267A13C8004F1E03 /* ImmediationViewController.swift */,
			);
			path = Immediation;
			sourceTree = "<group>";
		};
		A781C2FA27452345004C9D3F /* Reservation */ = {
			isa = PBXGroup;
			children = (
				3DF5B4C9267A1396004F1E03 /* ReservationViewController.swift */,
				A70D39052704BD0C00B09041 /* Reserve.storyboard */,
				A70D39072704BD1A00B09041 /* ReserveViewController.swift */,
				A746EFFF2705519800B0C099 /* ReserveContainerViewController.swift */,
				A79A288C2708121C000EB8C2 /* UsageHistory.storyboard */,
				A79A288E2708122C000EB8C2 /* UsageHistoryViewController.swift */,
				A777950C2707620B00C1C3FD /* ReservationPopUp */,
			);
			path = Reservation;
			sourceTree = "<group>";
		};
		A7A9B3D62754D42D009B22DF /* API */ = {
			isa = PBXGroup;
			children = (
				76035E02277C475000090B17 /* freeNetwork.swift */,
				A7A9B3D92754DBB6009B22DF /* NoticeNetwork.swift */,
				A7F9DCEC27759494005E9113 /* MateNetwork.swift */,
				A7F3C4912779A0410019B5F4 /* AuthService.swift */,
				A7B35572277AE2F8006F6A54 /* UserService.swift */,
			);
			path = API;
			sourceTree = "<group>";
		};
		A7AE9F3726EF2C9B0082C855 /* PopUp */ = {
			isa = PBXGroup;
			children = (
				A7AE9F3526EF201C0082C855 /* LogOutPopUp.storyboard */,
				A7AE9F3326EF20120082C855 /* LogOutPopUpViewController.swift */,
				A79C215826EF58B4000B9028 /* LogOutCompletedPopUpViewController.swift */,
				A7AE9F3826EF2E060082C855 /* PasswordChangedPopUp.storyboard */,
				A7AE9F3A26EF2E110082C855 /* PasswordChangedPopUpViewController.swift */,
				A79C215226EF3D11000B9028 /* MembershipWithdrawlPopUp.storyboard */,
				A79C215426EF3D1B000B9028 /* MembershipWithdrawlPopUpViewController.swift */,
				A79C215626EF4452000B9028 /* MembershipWithdrawlCompletedPopUpViewController.swift */,
				A7F4193A26F25FD700D6C6EA /* CheckInRequestPopUp.storyboard */,
				A7F4193C26F25FE400D6C6EA /* CheckInRequestPopUpViewController.swift */,
			);
			path = PopUp;
			sourceTree = "<group>";
		};
		A7C9D0FF277849E700943207 /* View */ = {
			isa = PBXGroup;
			children = (
				A7C9D10227784A4E00943207 /* InputTextView.swift */,
				A7B35574277B18D8006F6A54 /* CommentInputAccesoryView.swift */,
			);
			path = View;
			sourceTree = "<group>";
		};
		A7DE0105270836300098AACF /* Notification */ = {
			isa = PBXGroup;
			children = (
				A7DE0106270836760098AACF /* NotificationViewController.swift */,
			);
			path = Notification;
			sourceTree = "<group>";
		};
/* End PBXGroup section */

/* Begin PBXNativeTarget section */
		3D5D5984265247F40018FE63 /* GongSaeng */ = {
			isa = PBXNativeTarget;
			buildConfigurationList = 3D5D5999265247F50018FE63 /* Build configuration list for PBXNativeTarget "GongSaeng" */;
			buildPhases = (
				3D5D5981265247F40018FE63 /* Sources */,
				3D5D5982265247F40018FE63 /* Frameworks */,
				3D5D5983265247F40018FE63 /* Resources */,
			);
			buildRules = (
			);
			dependencies = (
			);
			name = GongSaeng;
			packageProductDependencies = (
				A7C9D10527784A8A00943207 /* SnapKit */,
			);
			productName = GongSaeng;
			productReference = 3D5D5985265247F40018FE63 /* GongSaeng.app */;
			productType = "com.apple.product-type.application";
		};
/* End PBXNativeTarget section */

/* Begin PBXProject section */
		3D5D597D265247F40018FE63 /* Project object */ = {
			isa = PBXProject;
			attributes = {
				LastSwiftUpdateCheck = 1250;
				LastUpgradeCheck = 1250;
				TargetAttributes = {
					3D5D5984265247F40018FE63 = {
						CreatedOnToolsVersion = 12.5;
					};
				};
			};
			buildConfigurationList = 3D5D5980265247F40018FE63 /* Build configuration list for PBXProject "GongSaeng" */;
			compatibilityVersion = "Xcode 9.3";
			developmentRegion = en;
			hasScannedForEncodings = 0;
			knownRegions = (
				en,
				Base,
			);
			mainGroup = 3D5D597C265247F40018FE63;
			packageReferences = (
				A7C9D10427784A8A00943207 /* XCRemoteSwiftPackageReference "SnapKit" */,
			);
			productRefGroup = 3D5D5986265247F40018FE63 /* Products */;
			projectDirPath = "";
			projectRoot = "";
			targets = (
				3D5D5984265247F40018FE63 /* GongSaeng */,
			);
		};
/* End PBXProject section */

/* Begin PBXResourcesBuildPhase section */
		3D5D5983265247F40018FE63 /* Resources */ = {
			isa = PBXResourcesBuildPhase;
			buildActionMask = 2147483647;
			files = (
				A753C03B277C3F1700039D5F /* Community.storyboard in Resources */,
				A7F4193B26F25FD700D6C6EA /* CheckInRequestPopUp.storyboard in Resources */,
				3D40E52E2658086800B19E32 /* TermsOfServices.storyboard in Resources */,
				A74CBE8F273949380073D2F5 /* GoogleService-Info.plist in Resources */,
				A745D04727269D3900844189 /* Notice.storyboard in Resources */,
				3D5D5995265247F50018FE63 /* LaunchScreen.storyboard in Resources */,
				A79C58E026EEE65D00F608D1 /* ManageAccountInfo.storyboard in Resources */,
				A79C215B26EF5B2C000B9028 /* SetNotification.storyboard in Resources */,
				A7C9D0FE277810BE00943207 /* Main.storyboard in Resources */,
				A7AE9F3626EF201C0082C855 /* LogOutPopUp.storyboard in Resources */,
				A7AE9F3926EF2E060082C855 /* PasswordChangedPopUp.storyboard in Resources */,
				3D520BAB265340E40090B6E8 /* Home.storyboard in Resources */,
				76035DFD277C448200090B17 /* free.storyboard in Resources */,
				3D00C8BA266E39E8006236A0 /* Mate.storyboard in Resources */,
				3D5D59B02652B29B0018FE63 /* Login.storyboard in Resources */,
				A7FA636026EDDBF7005D9785 /* EditProfile.storyboard in Resources */,
				A77B7B6E2748CFF200D0D5B1 /* splash.png in Resources */,
				A70D39062704BD0C00B09041 /* Reserve.storyboard in Resources */,
				A79A288D2708121C000EB8C2 /* UsageHistory.storyboard in Resources */,
				A756407B271043A4008609FE /* LoginPopUp.storyboard in Resources */,
				A777950B270761E000C1C3FD /* ReservationPopUp.storyboard in Resources */,
				A7674F7226EF9A5600AE60FA /* RequestCheckInOut.storyboard in Resources */,
				3D5D59AE2652B2930018FE63 /* Register.storyboard in Resources */,
				A7FA636626EE293F005D9785 /* MyProfileAndWriting.storyboard in Resources */,
				A79C215326EF3D11000B9028 /* MembershipWithdrawlPopUp.storyboard in Resources */,
				A753FB5D26ECEAC9001DA2C3 /* Assets.xcassets in Resources */,
				3DF5B4CE267A19BD004F1E03 /* Public.storyboard in Resources */,
				A73AE4C726F1CA0300FA1F06 /* CheckOutCompletedPopUp.storyboard in Resources */,
			);
			runOnlyForDeploymentPostprocessing = 0;
		};
/* End PBXResourcesBuildPhase section */

/* Begin PBXSourcesBuildPhase section */
		3D5D5981265247F40018FE63 /* Sources */ = {
			isa = PBXSourcesBuildPhase;
			buildActionMask = 2147483647;
			files = (
				A79C215726EF4452000B9028 /* MembershipWithdrawlCompletedPopUpViewController.swift in Sources */,
				3D85550B2660083D00147EE7 /* MemberViewController.swift in Sources */,
				A753C037277C3F1700039D5F /* freeWriteViewController.swift in Sources */,
				A7C9D10327784A4E00943207 /* InputTextView.swift in Sources */,
				A79C215D26EF5B3C000B9028 /* SetNotificationViewController.swift in Sources */,
				3DAFCBA626627256008E9803 /* CompletedRegisterViewController.swift in Sources */,
				3D015B0226590F0D003EC5E6 /* DepartmentViewController.swift in Sources */,
				76035E00277C448200090B17 /* freeDetailViewController.swift in Sources */,
				3D85550D2660084A00147EE7 /* AccountViewController.swift in Sources */,
				3DAFCBA4266261E6008E9803 /* UITextField.swift in Sources */,
				3D5D59AC2652B12A0018FE63 /* LoginViewController.swift in Sources */,
				A79C58E426EEF33400F608D1 /* ChangePasswordViewController.swift in Sources */,
				A746F0002705519800B0C099 /* ReserveContainerViewController.swift in Sources */,
				A73AE4C926F1CA0E00FA1F06 /* CheckOutCompletedPopUpViewController.swift in Sources */,
				A753C036277C3F1700039D5F /* withViewController.swift in Sources */,
				3D40E5302658089600B19E32 /* TermsOfServicesViewController.swift in Sources */,
				A7FA636426EE2519005D9785 /* UITextView.swift in Sources */,
				3D015AFF265812B6003EC5E6 /* TermsOfServices.swift in Sources */,
				A7AE9F3B26EF2E110082C855 /* PasswordChangedPopUpViewController.swift in Sources */,
				A73AE4BD26F1B82200FA1F06 /* RequestCheckOutViewController.swift in Sources */,
				A7DE0107270836760098AACF /* NotificationViewController.swift in Sources */,
				3D5D5989265247F40018FE63 /* AppDelegate.swift in Sources */,
				3D816C61266B92D700A5164B /* AppTabbarController.swift in Sources */,
				A7FA636226EDDC0F005D9785 /* EditProfileViewController.swift in Sources */,
				A7DC1CA12707788A002F395C /* ConfirmReservationPopUpViewController.swift in Sources */,
				A7B35575277B18D8006F6A54 /* CommentInputAccesoryView.swift in Sources */,
				A79C58E226EEE66C00F608D1 /* ManageAccountInfoViewController.swift in Sources */,
				3D5D59AA2652B11C0018FE63 /* RegisterViewController.swift in Sources */,
				3DB686FA268D8C570061BCB0 /* LoginUser.swift in Sources */,
				3D2FBC062675FE6B00D2FF56 /* PublicViewController.swift in Sources */,
				A753C03A277C3F1700039D5F /* emergency_detail.swift in Sources */,
				3D231A68266E44BA00080E9B /* Mate.swift in Sources */,
				A7F3C4922779A0410019B5F4 /* AuthService.swift in Sources */,
				A7F4193D26F25FE400D6C6EA /* CheckInRequestPopUpViewController.swift in Sources */,
				3D00C8B5266E3999006236A0 /* MateListViewController.swift in Sources */,
				A71600A92746393700FC3C64 /* Immediation.swift in Sources */,
				A7B35573277AE2F8006F6A54 /* UserService.swift in Sources */,
				76035DFE277C448200090B17 /* freeListViewController.swift in Sources */,
				A753C03C277C3F1700039D5F /* withWriteViewController.swift in Sources */,
				A777950E2707633D00C1C3FD /* NotCloseCellTappedPopUpViewController.swift in Sources */,
				A79A288F2708122C000EB8C2 /* UsageHistoryViewController.swift in Sources */,
				3DE755E9265975CE001FE813 /* Department.swift in Sources */,
				A753C03F277C3F1700039D5F /* suggestViewController.swift in Sources */,
				3DAFCBA026625DF6008E9803 /* Normalization.swift in Sources */,
				3DD893D6266E1A9C0050B4F8 /* MateViewController.swift in Sources */,
				3DF5B4CA267A1396004F1E03 /* ReservationViewController.swift in Sources */,
				A7DC1CA3270778CE002F395C /* CancelReservationPopUpViewController.swift in Sources */,
				A777C8D62707A32600670556 /* CanceledReservationPopUpViewController.swift in Sources */,
				A79C215926EF58B4000B9028 /* LogOutCompletedPopUpViewController.swift in Sources */,
				A71600A7274638E300FC3C64 /* ImmediationViewModel.swift in Sources */,
				3D231A6A266E629D00080E9B /* MateCell.swift in Sources */,
				A7FA636826EE294E005D9785 /* MyProfileAndWritingViewController.swift in Sources */,
				A70D39082704BD1A00B09041 /* ReserveViewController.swift in Sources */,
				A7A9B3D52754D200009B22DF /* NoticeListCellViewModel.swift in Sources */,
				A7F9DCEF27759E0C005E9113 /* MateCellViewModel.swift in Sources */,
				A781C2FC2745238C004C9D3F /* ImmedationTableViewController.swift in Sources */,
				3DAFCBA226626176008E9803 /* UIView.swift in Sources */,
				A753C038277C3F1700039D5F /* CommunityViewController.swift in Sources */,
				A781C2FE274538D4004C9D3F /* TableHeaderView.swift in Sources */,
				76035DFF277C448200090B17 /* freeListCellViewModel.swift in Sources */,
				A7A9B3D32754CF45009B22DF /* Notice.swift in Sources */,
				A76F914E27278648001AC4F3 /* NoticeDetailViewController.swift in Sources */,
				A79C215526EF3D1B000B9028 /* MembershipWithdrawlPopUpViewController.swift in Sources */,
				3DC069AA2697D5A600A4A6CB /* EnterUsageTimeViewController.swift in Sources */,
				76035E01277C448200090B17 /* free.swift in Sources */,
				A73AE4BB26F1B7D000FA1F06 /* RequestCheckInViewController.swift in Sources */,
				A7F9DCED27759495005E9113 /* MateNetwork.swift in Sources */,
				A71E07BA26EE6021007DB8D0 /* UIImageView.swift in Sources */,
				A73AE4BF26F1B8A300FA1F06 /* CheckOutRequestDetailViewController.swift in Sources */,
				A777C8D42707A2EB00670556 /* ConfirmedReservationPopUpViewController.swift in Sources */,
				A7DC1CA527077918002F395C /* FinishUsingPopUpViewController.swift in Sources */,
				3D2FBC092675FEDD00D2FF56 /* Public.swift in Sources */,
				A7AE9F3426EF20120082C855 /* LogOutPopUpViewController.swift in Sources */,
				3D5D598B265247F40018FE63 /* SceneDelegate.swift in Sources */,
				A753C041277C3F1700039D5F /* suggestDetailViewController.swift in Sources */,
				3D2FBC0B26760BFA00D2FF56 /* Date.swift in Sources */,
				76035E03277C475000090B17 /* freeNetwork.swift in Sources */,
				3DA98CCD26530C30005175B5 /* User.swift in Sources */,
				A753FB6226ED05B1001DA2C3 /* MyPageViewController.swift in Sources */,
				A7B35577277B73F3006F6A54 /* LoginViewModel.swift in Sources */,
				A753C039277C3F1700039D5F /* addBoardViewController.swift in Sources */,
				A7EB141B271045FE001E8709 /* WaitingForApprovalPopUpViewController.swift in Sources */,
				3DD893D4266E1A6E0050B4F8 /* NoticeViewController.swift in Sources */,
				A745D04927269E7D00844189 /* NoticeListViewController.swift in Sources */,
				A753C035277C3F1700039D5F /* EmergencyController.swift in Sources */,
				A7EB141D27104662001E8709 /* CheckIDInfoPopUpViewController.swift in Sources */,
				A7EB99E82710094E005B43AB /* RequestCheckInContainerViewController.swift in Sources */,
				A7A9B3DA2754DBB6009B22DF /* NoticeNetwork.swift in Sources */,
				3DF5B4CC267A13C8004F1E03 /* ImmediationViewController.swift in Sources */,
				A777C8D82707A43B00670556 /* FinishedUsingPopUpViewController.swift in Sources */,
				A7674F7426EF9A6500AE60FA /* RequestCheckInOutViewController.swift in Sources */,
				A753C03E277C3F1700039D5F /* withDetailVewController.swift in Sources */,
				3D5D599E265249310018FE63 /* HomeViewController.swift in Sources */,
				3D5D59A82652AF390018FE63 /* FirstViewController.swift in Sources */,
			);
			runOnlyForDeploymentPostprocessing = 0;
		};
/* End PBXSourcesBuildPhase section */

/* Begin PBXVariantGroup section */
		3D5D5993265247F50018FE63 /* LaunchScreen.storyboard */ = {
			isa = PBXVariantGroup;
			children = (
				3D5D5994265247F50018FE63 /* Base */,
			);
			name = LaunchScreen.storyboard;
			sourceTree = "<group>";
		};
		A753C02D277C3F1700039D5F /* Community.storyboard */ = {
			isa = PBXVariantGroup;
			children = (
				A753C02E277C3F1700039D5F /* Base */,
			);
			name = Community.storyboard;
			sourceTree = "<group>";
		};
/* End PBXVariantGroup section */

/* Begin XCBuildConfiguration section */
		3D5D5997265247F50018FE63 /* Debug */ = {
			isa = XCBuildConfiguration;
			buildSettings = {
				ALWAYS_SEARCH_USER_PATHS = NO;
				CLANG_ANALYZER_NONNULL = YES;
				CLANG_ANALYZER_NUMBER_OBJECT_CONVERSION = YES_AGGRESSIVE;
				CLANG_CXX_LANGUAGE_STANDARD = "gnu++14";
				CLANG_CXX_LIBRARY = "libc++";
				CLANG_ENABLE_MODULES = YES;
				CLANG_ENABLE_OBJC_ARC = YES;
				CLANG_ENABLE_OBJC_WEAK = YES;
				CLANG_WARN_BLOCK_CAPTURE_AUTORELEASING = YES;
				CLANG_WARN_BOOL_CONVERSION = YES;
				CLANG_WARN_COMMA = YES;
				CLANG_WARN_CONSTANT_CONVERSION = YES;
				CLANG_WARN_DEPRECATED_OBJC_IMPLEMENTATIONS = YES;
				CLANG_WARN_DIRECT_OBJC_ISA_USAGE = YES_ERROR;
				CLANG_WARN_DOCUMENTATION_COMMENTS = YES;
				CLANG_WARN_EMPTY_BODY = YES;
				CLANG_WARN_ENUM_CONVERSION = YES;
				CLANG_WARN_INFINITE_RECURSION = YES;
				CLANG_WARN_INT_CONVERSION = YES;
				CLANG_WARN_NON_LITERAL_NULL_CONVERSION = YES;
				CLANG_WARN_OBJC_IMPLICIT_RETAIN_SELF = YES;
				CLANG_WARN_OBJC_LITERAL_CONVERSION = YES;
				CLANG_WARN_OBJC_ROOT_CLASS = YES_ERROR;
				CLANG_WARN_QUOTED_INCLUDE_IN_FRAMEWORK_HEADER = YES;
				CLANG_WARN_RANGE_LOOP_ANALYSIS = YES;
				CLANG_WARN_STRICT_PROTOTYPES = YES;
				CLANG_WARN_SUSPICIOUS_MOVE = YES;
				CLANG_WARN_UNGUARDED_AVAILABILITY = YES_AGGRESSIVE;
				CLANG_WARN_UNREACHABLE_CODE = YES;
				CLANG_WARN__DUPLICATE_METHOD_MATCH = YES;
				COPY_PHASE_STRIP = NO;
				DEBUG_INFORMATION_FORMAT = dwarf;
				ENABLE_STRICT_OBJC_MSGSEND = YES;
				ENABLE_TESTABILITY = YES;
				GCC_C_LANGUAGE_STANDARD = gnu11;
				GCC_DYNAMIC_NO_PIC = NO;
				GCC_NO_COMMON_BLOCKS = YES;
				GCC_OPTIMIZATION_LEVEL = 0;
				GCC_PREPROCESSOR_DEFINITIONS = (
					"DEBUG=1",
					"$(inherited)",
				);
				GCC_WARN_64_TO_32_BIT_CONVERSION = YES;
				GCC_WARN_ABOUT_RETURN_TYPE = YES_ERROR;
				GCC_WARN_UNDECLARED_SELECTOR = YES;
				GCC_WARN_UNINITIALIZED_AUTOS = YES_AGGRESSIVE;
				GCC_WARN_UNUSED_FUNCTION = YES;
				GCC_WARN_UNUSED_VARIABLE = YES;
				IPHONEOS_DEPLOYMENT_TARGET = 14.2;
				MTL_ENABLE_DEBUG_INFO = INCLUDE_SOURCE;
				MTL_FAST_MATH = YES;
				ONLY_ACTIVE_ARCH = YES;
				SDKROOT = iphoneos;
				SWIFT_ACTIVE_COMPILATION_CONDITIONS = DEBUG;
				SWIFT_OPTIMIZATION_LEVEL = "-Onone";
			};
			name = Debug;
		};
		3D5D5998265247F50018FE63 /* Release */ = {
			isa = XCBuildConfiguration;
			buildSettings = {
				ALWAYS_SEARCH_USER_PATHS = NO;
				CLANG_ANALYZER_NONNULL = YES;
				CLANG_ANALYZER_NUMBER_OBJECT_CONVERSION = YES_AGGRESSIVE;
				CLANG_CXX_LANGUAGE_STANDARD = "gnu++14";
				CLANG_CXX_LIBRARY = "libc++";
				CLANG_ENABLE_MODULES = YES;
				CLANG_ENABLE_OBJC_ARC = YES;
				CLANG_ENABLE_OBJC_WEAK = YES;
				CLANG_WARN_BLOCK_CAPTURE_AUTORELEASING = YES;
				CLANG_WARN_BOOL_CONVERSION = YES;
				CLANG_WARN_COMMA = YES;
				CLANG_WARN_CONSTANT_CONVERSION = YES;
				CLANG_WARN_DEPRECATED_OBJC_IMPLEMENTATIONS = YES;
				CLANG_WARN_DIRECT_OBJC_ISA_USAGE = YES_ERROR;
				CLANG_WARN_DOCUMENTATION_COMMENTS = YES;
				CLANG_WARN_EMPTY_BODY = YES;
				CLANG_WARN_ENUM_CONVERSION = YES;
				CLANG_WARN_INFINITE_RECURSION = YES;
				CLANG_WARN_INT_CONVERSION = YES;
				CLANG_WARN_NON_LITERAL_NULL_CONVERSION = YES;
				CLANG_WARN_OBJC_IMPLICIT_RETAIN_SELF = YES;
				CLANG_WARN_OBJC_LITERAL_CONVERSION = YES;
				CLANG_WARN_OBJC_ROOT_CLASS = YES_ERROR;
				CLANG_WARN_QUOTED_INCLUDE_IN_FRAMEWORK_HEADER = YES;
				CLANG_WARN_RANGE_LOOP_ANALYSIS = YES;
				CLANG_WARN_STRICT_PROTOTYPES = YES;
				CLANG_WARN_SUSPICIOUS_MOVE = YES;
				CLANG_WARN_UNGUARDED_AVAILABILITY = YES_AGGRESSIVE;
				CLANG_WARN_UNREACHABLE_CODE = YES;
				CLANG_WARN__DUPLICATE_METHOD_MATCH = YES;
				COPY_PHASE_STRIP = NO;
				DEBUG_INFORMATION_FORMAT = "dwarf-with-dsym";
				ENABLE_NS_ASSERTIONS = NO;
				ENABLE_STRICT_OBJC_MSGSEND = YES;
				GCC_C_LANGUAGE_STANDARD = gnu11;
				GCC_NO_COMMON_BLOCKS = YES;
				GCC_WARN_64_TO_32_BIT_CONVERSION = YES;
				GCC_WARN_ABOUT_RETURN_TYPE = YES_ERROR;
				GCC_WARN_UNDECLARED_SELECTOR = YES;
				GCC_WARN_UNINITIALIZED_AUTOS = YES_AGGRESSIVE;
				GCC_WARN_UNUSED_FUNCTION = YES;
				GCC_WARN_UNUSED_VARIABLE = YES;
				IPHONEOS_DEPLOYMENT_TARGET = 14.2;
				MTL_ENABLE_DEBUG_INFO = NO;
				MTL_FAST_MATH = YES;
				SDKROOT = iphoneos;
				SWIFT_COMPILATION_MODE = wholemodule;
				SWIFT_OPTIMIZATION_LEVEL = "-O";
				VALIDATE_PRODUCT = YES;
			};
			name = Release;
		};
		3D5D599A265247F50018FE63 /* Debug */ = {
			isa = XCBuildConfiguration;
			buildSettings = {
				ASSETCATALOG_COMPILER_GLOBAL_ACCENT_COLOR_NAME = AccentColor;
				CODE_SIGN_STYLE = Automatic;
				DEVELOPMENT_TEAM = 3CZP576P62;
				INFOPLIST_FILE = GongSaeng/Info.plist;
				LD_RUNPATH_SEARCH_PATHS = (
					"$(inherited)",
					"@executable_path/Frameworks",
				);
				PRODUCT_BUNDLE_IDENTIFIER = "Dong-Cheon-Jeong.GongSaeng";
				PRODUCT_NAME = "$(TARGET_NAME)";
				SWIFT_VERSION = 5.0;
				TARGETED_DEVICE_FAMILY = "1,2";
			};
			name = Debug;
		};
		3D5D599B265247F50018FE63 /* Release */ = {
			isa = XCBuildConfiguration;
			buildSettings = {
				ASSETCATALOG_COMPILER_GLOBAL_ACCENT_COLOR_NAME = AccentColor;
				CODE_SIGN_STYLE = Automatic;
				DEVELOPMENT_TEAM = 3CZP576P62;
				INFOPLIST_FILE = GongSaeng/Info.plist;
				LD_RUNPATH_SEARCH_PATHS = (
					"$(inherited)",
					"@executable_path/Frameworks",
				);
				PRODUCT_BUNDLE_IDENTIFIER = "Dong-Cheon-Jeong.GongSaeng";
				PRODUCT_NAME = "$(TARGET_NAME)";
				SWIFT_VERSION = 5.0;
				TARGETED_DEVICE_FAMILY = "1,2";
			};
			name = Release;
		};
/* End XCBuildConfiguration section */

/* Begin XCConfigurationList section */
		3D5D5980265247F40018FE63 /* Build configuration list for PBXProject "GongSaeng" */ = {
			isa = XCConfigurationList;
			buildConfigurations = (
				3D5D5997265247F50018FE63 /* Debug */,
				3D5D5998265247F50018FE63 /* Release */,
			);
			defaultConfigurationIsVisible = 0;
			defaultConfigurationName = Release;
		};
		3D5D5999265247F50018FE63 /* Build configuration list for PBXNativeTarget "GongSaeng" */ = {
			isa = XCConfigurationList;
			buildConfigurations = (
				3D5D599A265247F50018FE63 /* Debug */,
				3D5D599B265247F50018FE63 /* Release */,
			);
			defaultConfigurationIsVisible = 0;
			defaultConfigurationName = Release;
		};
/* End XCConfigurationList section */

/* Begin XCRemoteSwiftPackageReference section */
		A7C9D10427784A8A00943207 /* XCRemoteSwiftPackageReference "SnapKit" */ = {
			isa = XCRemoteSwiftPackageReference;
			repositoryURL = "https://github.com/SnapKit/SnapKit.git";
			requirement = {
				branch = develop;
				kind = branch;
			};
		};
/* End XCRemoteSwiftPackageReference section */

/* Begin XCSwiftPackageProductDependency section */
		A7C9D10527784A8A00943207 /* SnapKit */ = {
			isa = XCSwiftPackageProductDependency;
			package = A7C9D10427784A8A00943207 /* XCRemoteSwiftPackageReference "SnapKit" */;
			productName = SnapKit;
		};
/* End XCSwiftPackageProductDependency section */
	};
	rootObject = 3D5D597D265247F40018FE63 /* Project object */;
}
